PODS:
  - Alamofire (3.4.1)
  - DeviceGuru (1.3.7)
  - DynamicColor (2.4.0)
  - Gloss (0.7.3)
  - Kingfisher (2.4.1)
  - SnapKit (0.15.0)

DEPENDENCIES:
  - Alamofire
  - DeviceGuru
  - DynamicColor (~> 2.4.0)
  - Gloss (~> 0.7)
  - Kingfisher
  - SnapKit (~> 0.15.0)

SPEC CHECKSUMS:
  Alamofire: 01a82e2f6c0f860ade35534c8dd88be61bdef40c
  DeviceGuru: f847629dc0da0145ba48a9fc314e613ca4aa9caf
  DynamicColor: 2f3fd61053684667bad9f03045dcf9a2a5a007ea
  Gloss: c97a95d6279821f35fa0138700bce0391bce87c1
  Kingfisher: 41aed5b6c1ed8fa98cf6d75283ce89cf7890f517
  SnapKit: 4962eed2ee18e48cbd2b2292fffc57efe7235f87

PODFILE CHECKSUM: 57f154435329241ad68a54b0c49cfe6fe808a558

COCOAPODS: 1.0.0
