<?xml version="1.0" encoding="UTF-8"?>
<!DOCTYPE plist PUBLIC "-//Apple//DTD PLIST 1.0//EN" "http://www.apple.com/DTDs/PropertyList-1.0.dtd">
<plist version="1.0">
<dict>
	<key>archiveVersion</key>
	<string>1</string>
	<key>classes</key>
	<dict/>
	<key>objectVersion</key>
	<string>46</string>
	<key>objects</key>
	<dict>
		<key>0AF71BDBEF69BE0F2B62D51F</key>
		<dict>
			<key>buildActionMask</key>
			<string>2147483647</string>
			<key>files</key>
			<array/>
			<key>inputPaths</key>
			<array/>
			<key>isa</key>
			<string>PBXShellScriptBuildPhase</string>
			<key>name</key>
			<string>Embed Pods Frameworks</string>
			<key>outputPaths</key>
			<array/>
			<key>runOnlyForDeploymentPostprocessing</key>
			<string>0</string>
			<key>shellPath</key>
			<string>/bin/sh</string>
			<key>shellScript</key>
			<string>"${SRCROOT}/Pods/Target Support Files/Pods-Trip/Pods-Trip-frameworks.sh"
</string>
			<key>showEnvVarsInLog</key>
			<string>0</string>
		</dict>
		<key>0C0D703A76BE3A41EB645389</key>
		<dict>
			<key>includeInIndex</key>
			<string>1</string>
			<key>isa</key>
			<string>PBXFileReference</string>
			<key>lastKnownFileType</key>
			<string>text.xcconfig</string>
			<key>name</key>
			<string>Pods-TripUITests.debug.xcconfig</string>
			<key>path</key>
			<string>Pods/Target Support Files/Pods-TripUITests/Pods-TripUITests.debug.xcconfig</string>
			<key>sourceTree</key>
			<string>&lt;group&gt;</string>
		</dict>
		<key>0F3E87827FF9004F5C117F95</key>
		<dict>
			<key>children</key>
			<array>
				<string>7E622BC6541DC949FCAF3A91</string>
				<string>195C3A4B48E44C653B62B6CE</string>
				<string>F8C2C8701B337DBD576D984E</string>
			</array>
			<key>isa</key>
			<string>PBXGroup</string>
			<key>name</key>
			<string>Frameworks</string>
			<key>sourceTree</key>
			<string>&lt;group&gt;</string>
		</dict>
		<key>195C3A4B48E44C653B62B6CE</key>
		<dict>
			<key>explicitFileType</key>
			<string>wrapper.framework</string>
			<key>includeInIndex</key>
			<string>0</string>
			<key>isa</key>
			<string>PBXFileReference</string>
			<key>path</key>
			<string>Pods_TripTests.framework</string>
			<key>sourceTree</key>
			<string>BUILT_PRODUCTS_DIR</string>
		</dict>
		<key>231A5F87C61F482B0D405599</key>
		<dict>
			<key>fileRef</key>
			<string>195C3A4B48E44C653B62B6CE</string>
			<key>isa</key>
			<string>PBXBuildFile</string>
		</dict>
		<key>24105EED1C9C1DE900C0833F</key>
		<dict>
			<key>children</key>
			<array>
				<string>2486EB6F1C98025F00EA22B6</string>
				<string>2486EB741C98025F00EA22B6</string>
				<string>2486EB6C1C98025F00EA22B6</string>
				<string>24FB69E41CBCC9960046E97F</string>
			</array>
			<key>isa</key>
			<string>PBXGroup</string>
			<key>name</key>
			<string>Supporting Files</string>
			<key>sourceTree</key>
			<string>&lt;group&gt;</string>
		</dict>
		<key>24105EEE1C9C27F300C0833F</key>
		<dict>
			<key>children</key>
			<array>
				<string>24A80B511CBEADA00017266A</string>
				<string>24FB65071CB4F165006C93DA</string>
			</array>
			<key>isa</key>
			<string>PBXGroup</string>
			<key>name</key>
			<string>Widget</string>
			<key>sourceTree</key>
			<string>&lt;group&gt;</string>
		</dict>
		<key>24105EEF1C9C28CE00C0833F</key>
		<dict>
			<key>children</key>
			<array>
				<string>2484A62F1CBB6C9600CD51F8</string>
			</array>
			<key>isa</key>
			<string>PBXGroup</string>
			<key>name</key>
			<string>Models</string>
			<key>sourceTree</key>
			<string>&lt;group&gt;</string>
		</dict>
		<key>24105EF01C9C294200C0833F</key>
		<dict>
			<key>children</key>
			<array>
				<string>24105EF11C9C296000C0833F</string>
				<string>24105EEF1C9C28CE00C0833F</string>
			</array>
			<key>isa</key>
			<string>PBXGroup</string>
			<key>name</key>
			<string>Data</string>
			<key>sourceTree</key>
			<string>&lt;group&gt;</string>
		</dict>
		<key>24105EF11C9C296000C0833F</key>
		<dict>
			<key>children</key>
			<array/>
			<key>isa</key>
			<string>PBXGroup</string>
			<key>name</key>
			<string>Dao</string>
			<key>sourceTree</key>
			<string>&lt;group&gt;</string>
		</dict>
		<key>245B60B41CBD4D3500D460F5</key>
		<dict>
			<key>children</key>
			<array>
				<string>245B60B51CBD4EAD00D460F5</string>
			</array>
			<key>isa</key>
			<string>PBXGroup</string>
			<key>name</key>
			<string>Cell</string>
			<key>sourceTree</key>
			<string>&lt;group&gt;</string>
		</dict>
		<key>245B60B51CBD4EAD00D460F5</key>
		<dict>
			<key>fileEncoding</key>
			<string>4</string>
			<key>isa</key>
			<string>PBXFileReference</string>
			<key>lastKnownFileType</key>
			<string>sourcecode.swift</string>
			<key>path</key>
			<string>TripCardView.swift</string>
			<key>sourceTree</key>
			<string>&lt;group&gt;</string>
		</dict>
		<key>245B60B61CBD4EAD00D460F5</key>
		<dict>
			<key>fileRef</key>
			<string>245B60B51CBD4EAD00D460F5</string>
			<key>isa</key>
			<string>PBXBuildFile</string>
		</dict>
		<key>247758041CBC72F400251EC7</key>
		<dict>
			<key>fileEncoding</key>
			<string>4</string>
			<key>isa</key>
			<string>PBXFileReference</string>
			<key>lastKnownFileType</key>
			<string>sourcecode.swift</string>
			<key>path</key>
			<string>LBTabBarController.swift</string>
			<key>sourceTree</key>
			<string>&lt;group&gt;</string>
		</dict>
		<key>247758051CBC72F400251EC7</key>
		<dict>
			<key>fileRef</key>
			<string>247758041CBC72F400251EC7</string>
			<key>isa</key>
			<string>PBXBuildFile</string>
		</dict>
		<key>247BB46C1CB26F0A002E436A</key>
		<dict>
			<key>fileEncoding</key>
			<string>4</string>
			<key>isa</key>
			<string>PBXFileReference</string>
			<key>lastKnownFileType</key>
			<string>sourcecode.swift</string>
			<key>path</key>
			<string>LoginView.swift</string>
			<key>sourceTree</key>
			<string>&lt;group&gt;</string>
		</dict>
		<key>247BB46D1CB26F0A002E436A</key>
		<dict>
			<key>fileRef</key>
			<string>247BB46C1CB26F0A002E436A</string>
			<key>isa</key>
			<string>PBXBuildFile</string>
		</dict>
		<key>247BB46E1CB2AF94002E436A</key>
		<dict>
			<key>children</key>
			<array>
				<string>247BB46F1CB2B0F9002E436A</string>
				<string>2484A6331CBB8B5C00CD51F8</string>
				<string>2484A6351CBBC33500CD51F8</string>
				<string>24FB69E61CBCFFD60046E97F</string>
			</array>
			<key>isa</key>
			<string>PBXGroup</string>
			<key>name</key>
			<string>Extensions</string>
			<key>sourceTree</key>
			<string>&lt;group&gt;</string>
		</dict>
		<key>247BB46F1CB2B0F9002E436A</key>
		<dict>
			<key>fileEncoding</key>
			<string>4</string>
			<key>isa</key>
			<string>PBXFileReference</string>
			<key>lastKnownFileType</key>
			<string>sourcecode.swift</string>
			<key>path</key>
			<string>UIViewExtension.swift</string>
			<key>sourceTree</key>
			<string>&lt;group&gt;</string>
		</dict>
		<key>247BB4701CB2B0F9002E436A</key>
		<dict>
			<key>fileRef</key>
			<string>247BB46F1CB2B0F9002E436A</string>
			<key>isa</key>
			<string>PBXBuildFile</string>
		</dict>
		<key>248027F71CB8E5E300354AD6</key>
		<dict>
			<key>fileEncoding</key>
			<string>4</string>
			<key>isa</key>
			<string>PBXFileReference</string>
			<key>lastKnownFileType</key>
			<string>sourcecode.swift</string>
			<key>path</key>
			<string>GuideViewController.swift</string>
			<key>sourceTree</key>
			<string>&lt;group&gt;</string>
		</dict>
		<key>248027F81CB8E5E300354AD6</key>
		<dict>
			<key>fileRef</key>
			<string>248027F71CB8E5E300354AD6</string>
			<key>isa</key>
			<string>PBXBuildFile</string>
		</dict>
		<key>24842D221CB94D4300FA784D</key>
		<dict>
			<key>children</key>
			<array>
				<string>24A80B4B1CBEAD880017266A</string>
				<string>24A80B4F1CBEAD990017266A</string>
				<string>24A80B4D1CBEAD900017266A</string>
				<string>247758041CBC72F400251EC7</string>
			</array>
			<key>isa</key>
			<string>PBXGroup</string>
			<key>name</key>
			<string>Base</string>
			<key>sourceTree</key>
			<string>&lt;group&gt;</string>
		</dict>
		<key>2484A62B1CBB519300CD51F8</key>
		<dict>
			<key>fileEncoding</key>
			<string>4</string>
			<key>isa</key>
			<string>PBXFileReference</string>
			<key>lastKnownFileType</key>
			<string>sourcecode.swift</string>
			<key>path</key>
			<string>MeViewController.swift</string>
			<key>sourceTree</key>
			<string>&lt;group&gt;</string>
		</dict>
		<key>2484A62C1CBB519300CD51F8</key>
		<dict>
			<key>fileRef</key>
			<string>2484A62B1CBB519300CD51F8</string>
			<key>isa</key>
			<string>PBXBuildFile</string>
		</dict>
		<key>2484A62F1CBB6C9600CD51F8</key>
		<dict>
			<key>fileEncoding</key>
			<string>4</string>
			<key>isa</key>
			<string>PBXFileReference</string>
			<key>lastKnownFileType</key>
			<string>sourcecode.swift</string>
			<key>path</key>
			<string>User.swift</string>
			<key>sourceTree</key>
			<string>&lt;group&gt;</string>
		</dict>
		<key>2484A6301CBB6C9600CD51F8</key>
		<dict>
			<key>fileRef</key>
			<string>2484A62F1CBB6C9600CD51F8</string>
			<key>isa</key>
			<string>PBXBuildFile</string>
		</dict>
		<key>2484A6311CBB788000CD51F8</key>
		<dict>
			<key>fileEncoding</key>
			<string>4</string>
			<key>isa</key>
			<string>PBXFileReference</string>
			<key>lastKnownFileType</key>
			<string>sourcecode.swift</string>
			<key>path</key>
			<string>SignupViewController.swift</string>
			<key>sourceTree</key>
			<string>&lt;group&gt;</string>
		</dict>
		<key>2484A6321CBB788000CD51F8</key>
		<dict>
			<key>fileRef</key>
			<string>2484A6311CBB788000CD51F8</string>
			<key>isa</key>
			<string>PBXBuildFile</string>
		</dict>
		<key>2484A6331CBB8B5C00CD51F8</key>
		<dict>
			<key>fileEncoding</key>
			<string>4</string>
			<key>isa</key>
			<string>PBXFileReference</string>
			<key>lastKnownFileType</key>
			<string>sourcecode.swift</string>
			<key>path</key>
			<string>UIViewControllerExtension.swift</string>
			<key>sourceTree</key>
			<string>&lt;group&gt;</string>
		</dict>
		<key>2484A6341CBB8B5C00CD51F8</key>
		<dict>
			<key>fileRef</key>
			<string>2484A6331CBB8B5C00CD51F8</string>
			<key>isa</key>
			<string>PBXBuildFile</string>
		</dict>
		<key>2484A6351CBBC33500CD51F8</key>
		<dict>
			<key>fileEncoding</key>
			<string>4</string>
			<key>isa</key>
			<string>PBXFileReference</string>
			<key>lastKnownFileType</key>
			<string>sourcecode.swift</string>
			<key>path</key>
			<string>AppDelegateExtension.swift</string>
			<key>sourceTree</key>
			<string>&lt;group&gt;</string>
		</dict>
		<key>2484A6361CBBC33500CD51F8</key>
		<dict>
			<key>fileRef</key>
			<string>2484A6351CBBC33500CD51F8</string>
			<key>isa</key>
			<string>PBXBuildFile</string>
		</dict>
		<key>2484A6371CBBD6CF00CD51F8</key>
		<dict>
			<key>fileEncoding</key>
			<string>4</string>
			<key>isa</key>
			<string>PBXFileReference</string>
			<key>lastKnownFileType</key>
			<string>sourcecode.swift</string>
			<key>path</key>
			<string>ActivityViewController.swift</string>
			<key>sourceTree</key>
			<string>&lt;group&gt;</string>
		</dict>
		<key>2484A6381CBBD6CF00CD51F8</key>
		<dict>
			<key>fileRef</key>
			<string>2484A6371CBBD6CF00CD51F8</string>
			<key>isa</key>
			<string>PBXBuildFile</string>
		</dict>
		<key>2484A63A1CBBD7AD00CD51F8</key>
		<dict>
			<key>children</key>
			<array/>
			<key>isa</key>
			<string>PBXGroup</string>
			<key>name</key>
			<string>Activity</string>
			<key>sourceTree</key>
			<string>&lt;group&gt;</string>
		</dict>
		<key>2484A63B1CBBD7B900CD51F8</key>
		<dict>
			<key>children</key>
			<array/>
			<key>isa</key>
			<string>PBXGroup</string>
			<key>name</key>
			<string>Me</string>
			<key>sourceTree</key>
			<string>&lt;group&gt;</string>
		</dict>
		<key>2484A63C1CBBD81C00CD51F8</key>
		<dict>
			<key>children</key>
			<array/>
			<key>isa</key>
			<string>PBXGroup</string>
			<key>name</key>
			<string>Live</string>
			<key>sourceTree</key>
			<string>&lt;group&gt;</string>
		</dict>
		<key>2484A63E1CBBD92100CD51F8</key>
		<dict>
			<key>fileEncoding</key>
			<string>4</string>
			<key>isa</key>
			<string>PBXFileReference</string>
			<key>lastKnownFileType</key>
			<string>sourcecode.swift</string>
			<key>path</key>
			<string>LiveViewController.swift</string>
			<key>sourceTree</key>
			<string>&lt;group&gt;</string>
		</dict>
		<key>2484A63F1CBBD92100CD51F8</key>
		<dict>
			<key>fileRef</key>
			<string>2484A63E1CBBD92100CD51F8</string>
			<key>isa</key>
			<string>PBXBuildFile</string>
		</dict>
		<key>2484A6401CBBDC4900CD51F8</key>
		<dict>
			<key>fileEncoding</key>
			<string>4</string>
			<key>isa</key>
			<string>PBXFileReference</string>
			<key>lastKnownFileType</key>
			<string>sourcecode.swift</string>
			<key>path</key>
			<string>DestinationViewController.swift</string>
			<key>sourceTree</key>
			<string>&lt;group&gt;</string>
		</dict>
		<key>2484A6411CBBDC4900CD51F8</key>
		<dict>
			<key>fileRef</key>
			<string>2484A6401CBBDC4900CD51F8</string>
			<key>isa</key>
			<string>PBXBuildFile</string>
		</dict>
		<key>2484A6421CBBDDE800CD51F8</key>
		<dict>
			<key>children</key>
			<array/>
			<key>isa</key>
			<string>PBXGroup</string>
			<key>name</key>
			<string>Destination</string>
			<key>sourceTree</key>
			<string>&lt;group&gt;</string>
		</dict>
		<key>2486EB591C98025F00EA22B6</key>
		<dict>
			<key>children</key>
			<array>
				<string>2486EB641C98025F00EA22B6</string>
				<string>2486EB7C1C98025F00EA22B6</string>
				<string>2486EB871C98025F00EA22B6</string>
				<string>2486EB631C98025F00EA22B6</string>
				<string>36753558ECDFDB152CB240E4</string>
				<string>0F3E87827FF9004F5C117F95</string>
			</array>
			<key>isa</key>
			<string>PBXGroup</string>
			<key>sourceTree</key>
			<string>&lt;group&gt;</string>
		</dict>
		<key>2486EB5A1C98025F00EA22B6</key>
		<dict>
			<key>attributes</key>
			<dict>
				<key>LastSwiftUpdateCheck</key>
				<string>0720</string>
				<key>LastUpgradeCheck</key>
				<string>0720</string>
				<key>ORGANIZATIONNAME</key>
				<string>Baogui Lu</string>
				<key>TargetAttributes</key>
				<dict>
					<key>2486EB611C98025F00EA22B6</key>
					<dict>
						<key>CreatedOnToolsVersion</key>
						<string>7.2.1</string>
					</dict>
					<key>2486EB781C98025F00EA22B6</key>
					<dict>
						<key>CreatedOnToolsVersion</key>
						<string>7.2.1</string>
						<key>TestTargetID</key>
						<string>2486EB611C98025F00EA22B6</string>
					</dict>
					<key>2486EB831C98025F00EA22B6</key>
					<dict>
						<key>CreatedOnToolsVersion</key>
						<string>7.2.1</string>
						<key>TestTargetID</key>
						<string>2486EB611C98025F00EA22B6</string>
					</dict>
				</dict>
			</dict>
			<key>buildConfigurationList</key>
			<string>2486EB5D1C98025F00EA22B6</string>
			<key>compatibilityVersion</key>
			<string>Xcode 3.2</string>
			<key>developmentRegion</key>
			<string>English</string>
			<key>hasScannedForEncodings</key>
			<string>0</string>
			<key>isa</key>
			<string>PBXProject</string>
			<key>knownRegions</key>
			<array>
				<string>en</string>
				<string>Base</string>
			</array>
			<key>mainGroup</key>
			<string>2486EB591C98025F00EA22B6</string>
			<key>productRefGroup</key>
			<string>2486EB631C98025F00EA22B6</string>
			<key>projectDirPath</key>
			<string></string>
			<key>projectReferences</key>
			<array/>
			<key>projectRoot</key>
			<string></string>
			<key>targets</key>
			<array>
				<string>2486EB611C98025F00EA22B6</string>
				<string>2486EB781C98025F00EA22B6</string>
				<string>2486EB831C98025F00EA22B6</string>
			</array>
		</dict>
		<key>2486EB5D1C98025F00EA22B6</key>
		<dict>
			<key>buildConfigurations</key>
			<array>
				<string>2486EB8B1C98025F00EA22B6</string>
				<string>2486EB8C1C98025F00EA22B6</string>
			</array>
			<key>defaultConfigurationIsVisible</key>
			<string>0</string>
			<key>defaultConfigurationName</key>
			<string>Release</string>
			<key>isa</key>
			<string>XCConfigurationList</string>
		</dict>
		<key>2486EB5E1C98025F00EA22B6</key>
		<dict>
			<key>buildActionMask</key>
			<string>2147483647</string>
			<key>files</key>
			<array>
				<string>2484A6301CBB6C9600CD51F8</string>
				<string>2484A6341CBB8B5C00CD51F8</string>
				<string>245B60B61CBD4EAD00D460F5</string>
				<string>2484A6411CBBDC4900CD51F8</string>
				<string>24A80B521CBEADA00017266A</string>
				<string>2484A6381CBBD6CF00CD51F8</string>
				<string>247BB4701CB2B0F9002E436A</string>
				<string>24A80B501CBEAD990017266A</string>
				<string>24FB69E71CBCFFD60046E97F</string>
				<string>248F1CBC1CB1846F00FC295C</string>
				<string>2486EB661C98025F00EA22B6</string>
				<string>2484A62C1CBB519300CD51F8</string>
				<string>24A80B4C1CBEAD880017266A</string>
				<string>2484A6321CBB788000CD51F8</string>
				<string>248027F81CB8E5E300354AD6</string>
				<string>247BB46D1CB26F0A002E436A</string>
				<string>2486EB6E1C98025F00EA22B6</string>
				<string>2484A6361CBBC33500CD51F8</string>
				<string>24A80B4E1CBEAD900017266A</string>
				<string>247758051CBC72F400251EC7</string>
				<string>2484A63F1CBBD92100CD51F8</string>
				<string>24FB65081CB4F165006C93DA</string>
			</array>
			<key>isa</key>
			<string>PBXSourcesBuildPhase</string>
			<key>runOnlyForDeploymentPostprocessing</key>
			<string>0</string>
		</dict>
		<key>2486EB5F1C98025F00EA22B6</key>
		<dict>
			<key>buildActionMask</key>
			<string>2147483647</string>
			<key>files</key>
			<array>
				<string>584FC8F8D060E60C117A185D</string>
			</array>
			<key>isa</key>
			<string>PBXFrameworksBuildPhase</string>
			<key>runOnlyForDeploymentPostprocessing</key>
			<string>0</string>
		</dict>
		<key>2486EB601C98025F00EA22B6</key>
		<dict>
			<key>buildActionMask</key>
			<string>2147483647</string>
			<key>files</key>
			<array>
				<string>24FB69E51CBCC9960046E97F</string>
				<string>2486EB701C98025F00EA22B6</string>
			</array>
			<key>isa</key>
			<string>PBXResourcesBuildPhase</string>
			<key>runOnlyForDeploymentPostprocessing</key>
			<string>0</string>
		</dict>
		<key>2486EB611C98025F00EA22B6</key>
		<dict>
			<key>buildConfigurationList</key>
			<string>2486EB8D1C98025F00EA22B6</string>
			<key>buildPhases</key>
			<array>
				<string>F751BE8679A747EC8CBEC585</string>
				<string>2486EB5E1C98025F00EA22B6</string>
				<string>2486EB5F1C98025F00EA22B6</string>
				<string>2486EB601C98025F00EA22B6</string>
				<string>625ACA34CB9A31B32BF934CF</string>
				<string>798EE4D6B6C70246276F0C4A</string>
				<string>0AF71BDBEF69BE0F2B62D51F</string>
			</array>
			<key>buildRules</key>
			<array/>
			<key>dependencies</key>
			<array/>
			<key>isa</key>
			<string>PBXNativeTarget</string>
			<key>name</key>
			<string>Trip</string>
			<key>productName</key>
			<string>Trip</string>
			<key>productReference</key>
			<string>2486EB621C98025F00EA22B6</string>
			<key>productType</key>
			<string>com.apple.product-type.application</string>
		</dict>
		<key>2486EB621C98025F00EA22B6</key>
		<dict>
			<key>explicitFileType</key>
			<string>wrapper.application</string>
			<key>includeInIndex</key>
			<string>0</string>
			<key>isa</key>
			<string>PBXFileReference</string>
			<key>path</key>
			<string>Trip.app</string>
			<key>sourceTree</key>
			<string>BUILT_PRODUCTS_DIR</string>
		</dict>
		<key>2486EB631C98025F00EA22B6</key>
		<dict>
			<key>children</key>
			<array>
				<string>2486EB621C98025F00EA22B6</string>
				<string>2486EB791C98025F00EA22B6</string>
				<string>2486EB841C98025F00EA22B6</string>
			</array>
			<key>isa</key>
			<string>PBXGroup</string>
			<key>name</key>
			<string>Products</string>
			<key>sourceTree</key>
			<string>&lt;group&gt;</string>
		</dict>
		<key>2486EB641C98025F00EA22B6</key>
		<dict>
			<key>children</key>
			<array>
				<string>2486EB651C98025F00EA22B6</string>
				<string>24842D221CB94D4300FA784D</string>
				<string>247BB46E1CB2AF94002E436A</string>
				<string>248F1CB91CB17C4800FC295C</string>
				<string>248F1CB81CB17C3E00FC295C</string>
				<string>24105EF01C9C294200C0833F</string>
				<string>24105EEE1C9C27F300C0833F</string>
				<string>24105EED1C9C1DE900C0833F</string>
			</array>
			<key>isa</key>
			<string>PBXGroup</string>
			<key>path</key>
			<string>Trip</string>
			<key>sourceTree</key>
			<string>&lt;group&gt;</string>
		</dict>
		<key>2486EB651C98025F00EA22B6</key>
		<dict>
			<key>isa</key>
			<string>PBXFileReference</string>
			<key>lastKnownFileType</key>
			<string>sourcecode.swift</string>
			<key>path</key>
			<string>AppDelegate.swift</string>
			<key>sourceTree</key>
			<string>&lt;group&gt;</string>
		</dict>
		<key>2486EB661C98025F00EA22B6</key>
		<dict>
			<key>fileRef</key>
			<string>2486EB651C98025F00EA22B6</string>
			<key>isa</key>
			<string>PBXBuildFile</string>
		</dict>
		<key>2486EB6C1C98025F00EA22B6</key>
		<dict>
			<key>children</key>
			<array>
				<string>2486EB6D1C98025F00EA22B6</string>
			</array>
			<key>currentVersion</key>
			<string>2486EB6D1C98025F00EA22B6</string>
			<key>isa</key>
			<string>XCVersionGroup</string>
			<key>path</key>
			<string>Trip.xcdatamodeld</string>
			<key>sourceTree</key>
			<string>&lt;group&gt;</string>
			<key>versionGroupType</key>
			<string>wrapper.xcdatamodel</string>
		</dict>
		<key>2486EB6D1C98025F00EA22B6</key>
		<dict>
			<key>isa</key>
			<string>PBXFileReference</string>
			<key>lastKnownFileType</key>
			<string>wrapper.xcdatamodel</string>
			<key>path</key>
			<string>Trip.xcdatamodel</string>
			<key>sourceTree</key>
			<string>&lt;group&gt;</string>
		</dict>
		<key>2486EB6E1C98025F00EA22B6</key>
		<dict>
			<key>fileRef</key>
			<string>2486EB6C1C98025F00EA22B6</string>
			<key>isa</key>
			<string>PBXBuildFile</string>
		</dict>
		<key>2486EB6F1C98025F00EA22B6</key>
		<dict>
			<key>isa</key>
			<string>PBXFileReference</string>
			<key>lastKnownFileType</key>
			<string>folder.assetcatalog</string>
			<key>path</key>
			<string>Assets.xcassets</string>
			<key>sourceTree</key>
			<string>&lt;group&gt;</string>
		</dict>
		<key>2486EB701C98025F00EA22B6</key>
		<dict>
			<key>fileRef</key>
			<string>2486EB6F1C98025F00EA22B6</string>
			<key>isa</key>
			<string>PBXBuildFile</string>
		</dict>
		<key>2486EB741C98025F00EA22B6</key>
		<dict>
			<key>isa</key>
			<string>PBXFileReference</string>
			<key>lastKnownFileType</key>
			<string>text.plist.xml</string>
			<key>path</key>
			<string>Info.plist</string>
			<key>sourceTree</key>
			<string>&lt;group&gt;</string>
		</dict>
		<key>2486EB751C98025F00EA22B6</key>
		<dict>
			<key>buildActionMask</key>
			<string>2147483647</string>
			<key>files</key>
			<array>
				<string>2486EB7E1C98025F00EA22B6</string>
			</array>
			<key>isa</key>
			<string>PBXSourcesBuildPhase</string>
			<key>runOnlyForDeploymentPostprocessing</key>
			<string>0</string>
		</dict>
		<key>2486EB761C98025F00EA22B6</key>
		<dict>
			<key>buildActionMask</key>
			<string>2147483647</string>
			<key>files</key>
			<array>
				<string>231A5F87C61F482B0D405599</string>
			</array>
			<key>isa</key>
			<string>PBXFrameworksBuildPhase</string>
			<key>runOnlyForDeploymentPostprocessing</key>
			<string>0</string>
		</dict>
		<key>2486EB771C98025F00EA22B6</key>
		<dict>
			<key>buildActionMask</key>
			<string>2147483647</string>
			<key>files</key>
			<array/>
			<key>isa</key>
			<string>PBXResourcesBuildPhase</string>
			<key>runOnlyForDeploymentPostprocessing</key>
			<string>0</string>
		</dict>
		<key>2486EB781C98025F00EA22B6</key>
		<dict>
			<key>buildConfigurationList</key>
			<string>2486EB901C98025F00EA22B6</string>
			<key>buildPhases</key>
			<array>
				<string>E54C8D127D52967CFF694A5D</string>
				<string>2486EB751C98025F00EA22B6</string>
				<string>2486EB761C98025F00EA22B6</string>
				<string>2486EB771C98025F00EA22B6</string>
				<string>38339A25E30C2617B6B7E185</string>
				<string>D7A8CC365ED8D53EE73EC12F</string>
			</array>
			<key>buildRules</key>
			<array/>
			<key>dependencies</key>
			<array>
				<string>2486EB7B1C98025F00EA22B6</string>
			</array>
			<key>isa</key>
			<string>PBXNativeTarget</string>
			<key>name</key>
			<string>TripTests</string>
			<key>productName</key>
			<string>TripTests</string>
			<key>productReference</key>
			<string>2486EB791C98025F00EA22B6</string>
			<key>productType</key>
			<string>com.apple.product-type.bundle.unit-test</string>
		</dict>
		<key>2486EB791C98025F00EA22B6</key>
		<dict>
			<key>explicitFileType</key>
			<string>wrapper.cfbundle</string>
			<key>includeInIndex</key>
			<string>0</string>
			<key>isa</key>
			<string>PBXFileReference</string>
			<key>path</key>
			<string>TripTests.xctest</string>
			<key>sourceTree</key>
			<string>BUILT_PRODUCTS_DIR</string>
		</dict>
		<key>2486EB7A1C98025F00EA22B6</key>
		<dict>
			<key>containerPortal</key>
			<string>2486EB5A1C98025F00EA22B6</string>
			<key>isa</key>
			<string>PBXContainerItemProxy</string>
			<key>proxyType</key>
			<string>1</string>
			<key>remoteGlobalIDString</key>
			<string>2486EB611C98025F00EA22B6</string>
			<key>remoteInfo</key>
			<string>Trip</string>
		</dict>
		<key>2486EB7B1C98025F00EA22B6</key>
		<dict>
			<key>isa</key>
			<string>PBXTargetDependency</string>
			<key>target</key>
			<string>2486EB611C98025F00EA22B6</string>
			<key>targetProxy</key>
			<string>2486EB7A1C98025F00EA22B6</string>
		</dict>
		<key>2486EB7C1C98025F00EA22B6</key>
		<dict>
			<key>children</key>
			<array>
				<string>2486EB7D1C98025F00EA22B6</string>
				<string>2486EB7F1C98025F00EA22B6</string>
			</array>
			<key>isa</key>
			<string>PBXGroup</string>
			<key>path</key>
			<string>TripTests</string>
			<key>sourceTree</key>
			<string>&lt;group&gt;</string>
		</dict>
		<key>2486EB7D1C98025F00EA22B6</key>
		<dict>
			<key>isa</key>
			<string>PBXFileReference</string>
			<key>lastKnownFileType</key>
			<string>sourcecode.swift</string>
			<key>path</key>
			<string>TripTests.swift</string>
			<key>sourceTree</key>
			<string>&lt;group&gt;</string>
		</dict>
		<key>2486EB7E1C98025F00EA22B6</key>
		<dict>
			<key>fileRef</key>
			<string>2486EB7D1C98025F00EA22B6</string>
			<key>isa</key>
			<string>PBXBuildFile</string>
		</dict>
		<key>2486EB7F1C98025F00EA22B6</key>
		<dict>
			<key>isa</key>
			<string>PBXFileReference</string>
			<key>lastKnownFileType</key>
			<string>text.plist.xml</string>
			<key>path</key>
			<string>Info.plist</string>
			<key>sourceTree</key>
			<string>&lt;group&gt;</string>
		</dict>
		<key>2486EB801C98025F00EA22B6</key>
		<dict>
			<key>buildActionMask</key>
			<string>2147483647</string>
			<key>files</key>
			<array>
				<string>2486EB891C98025F00EA22B6</string>
			</array>
			<key>isa</key>
			<string>PBXSourcesBuildPhase</string>
			<key>runOnlyForDeploymentPostprocessing</key>
			<string>0</string>
		</dict>
		<key>2486EB811C98025F00EA22B6</key>
		<dict>
			<key>buildActionMask</key>
			<string>2147483647</string>
			<key>files</key>
			<array>
				<string>E7395590A0EA5F0B6A870DB9</string>
			</array>
			<key>isa</key>
			<string>PBXFrameworksBuildPhase</string>
			<key>runOnlyForDeploymentPostprocessing</key>
			<string>0</string>
		</dict>
		<key>2486EB821C98025F00EA22B6</key>
		<dict>
			<key>buildActionMask</key>
			<string>2147483647</string>
			<key>files</key>
			<array/>
			<key>isa</key>
			<string>PBXResourcesBuildPhase</string>
			<key>runOnlyForDeploymentPostprocessing</key>
			<string>0</string>
		</dict>
		<key>2486EB831C98025F00EA22B6</key>
		<dict>
			<key>buildConfigurationList</key>
			<string>2486EB931C98025F00EA22B6</string>
			<key>buildPhases</key>
			<array>
				<string>D06F0F5615A8F1117FB337B6</string>
				<string>2486EB801C98025F00EA22B6</string>
				<string>2486EB811C98025F00EA22B6</string>
				<string>2486EB821C98025F00EA22B6</string>
				<string>DAF8ED29640AD09159D5F130</string>
			</array>
			<key>buildRules</key>
			<array/>
			<key>dependencies</key>
			<array>
				<string>2486EB861C98025F00EA22B6</string>
			</array>
			<key>isa</key>
			<string>PBXNativeTarget</string>
			<key>name</key>
			<string>TripUITests</string>
			<key>productName</key>
			<string>TripUITests</string>
			<key>productReference</key>
			<string>2486EB841C98025F00EA22B6</string>
			<key>productType</key>
			<string>com.apple.product-type.bundle.ui-testing</string>
		</dict>
		<key>2486EB841C98025F00EA22B6</key>
		<dict>
			<key>explicitFileType</key>
			<string>wrapper.cfbundle</string>
			<key>includeInIndex</key>
			<string>0</string>
			<key>isa</key>
			<string>PBXFileReference</string>
			<key>path</key>
			<string>TripUITests.xctest</string>
			<key>sourceTree</key>
			<string>BUILT_PRODUCTS_DIR</string>
		</dict>
		<key>2486EB851C98025F00EA22B6</key>
		<dict>
			<key>containerPortal</key>
			<string>2486EB5A1C98025F00EA22B6</string>
			<key>isa</key>
			<string>PBXContainerItemProxy</string>
			<key>proxyType</key>
			<string>1</string>
			<key>remoteGlobalIDString</key>
			<string>2486EB611C98025F00EA22B6</string>
			<key>remoteInfo</key>
			<string>Trip</string>
		</dict>
		<key>2486EB861C98025F00EA22B6</key>
		<dict>
			<key>isa</key>
			<string>PBXTargetDependency</string>
			<key>target</key>
			<string>2486EB611C98025F00EA22B6</string>
			<key>targetProxy</key>
			<string>2486EB851C98025F00EA22B6</string>
		</dict>
		<key>2486EB871C98025F00EA22B6</key>
		<dict>
			<key>children</key>
			<array>
				<string>2486EB881C98025F00EA22B6</string>
				<string>2486EB8A1C98025F00EA22B6</string>
			</array>
			<key>isa</key>
			<string>PBXGroup</string>
			<key>path</key>
			<string>TripUITests</string>
			<key>sourceTree</key>
			<string>&lt;group&gt;</string>
		</dict>
		<key>2486EB881C98025F00EA22B6</key>
		<dict>
			<key>isa</key>
			<string>PBXFileReference</string>
			<key>lastKnownFileType</key>
			<string>sourcecode.swift</string>
			<key>path</key>
			<string>TripUITests.swift</string>
			<key>sourceTree</key>
			<string>&lt;group&gt;</string>
		</dict>
		<key>2486EB891C98025F00EA22B6</key>
		<dict>
			<key>fileRef</key>
			<string>2486EB881C98025F00EA22B6</string>
			<key>isa</key>
			<string>PBXBuildFile</string>
		</dict>
		<key>2486EB8A1C98025F00EA22B6</key>
		<dict>
			<key>isa</key>
			<string>PBXFileReference</string>
			<key>lastKnownFileType</key>
			<string>text.plist.xml</string>
			<key>path</key>
			<string>Info.plist</string>
			<key>sourceTree</key>
			<string>&lt;group&gt;</string>
		</dict>
		<key>2486EB8B1C98025F00EA22B6</key>
		<dict>
			<key>buildSettings</key>
			<dict>
				<key>ALWAYS_SEARCH_USER_PATHS</key>
				<string>NO</string>
				<key>CLANG_CXX_LANGUAGE_STANDARD</key>
				<string>gnu++0x</string>
				<key>CLANG_CXX_LIBRARY</key>
				<string>libc++</string>
				<key>CLANG_ENABLE_MODULES</key>
				<string>YES</string>
				<key>CLANG_ENABLE_OBJC_ARC</key>
				<string>YES</string>
				<key>CLANG_WARN_BOOL_CONVERSION</key>
				<string>YES</string>
				<key>CLANG_WARN_CONSTANT_CONVERSION</key>
				<string>YES</string>
				<key>CLANG_WARN_DIRECT_OBJC_ISA_USAGE</key>
				<string>YES_ERROR</string>
				<key>CLANG_WARN_EMPTY_BODY</key>
				<string>YES</string>
				<key>CLANG_WARN_ENUM_CONVERSION</key>
				<string>YES</string>
				<key>CLANG_WARN_INT_CONVERSION</key>
				<string>YES</string>
				<key>CLANG_WARN_OBJC_ROOT_CLASS</key>
				<string>YES_ERROR</string>
				<key>CLANG_WARN_UNREACHABLE_CODE</key>
				<string>YES</string>
				<key>CLANG_WARN__DUPLICATE_METHOD_MATCH</key>
				<string>YES</string>
				<key>CODE_SIGN_IDENTITY[sdk=iphoneos*]</key>
				<string>iPhone Developer</string>
				<key>COPY_PHASE_STRIP</key>
				<string>NO</string>
				<key>DEBUG_INFORMATION_FORMAT</key>
				<string>dwarf</string>
				<key>ENABLE_STRICT_OBJC_MSGSEND</key>
				<string>YES</string>
				<key>ENABLE_TESTABILITY</key>
				<string>YES</string>
				<key>GCC_C_LANGUAGE_STANDARD</key>
				<string>gnu99</string>
				<key>GCC_DYNAMIC_NO_PIC</key>
				<string>NO</string>
				<key>GCC_NO_COMMON_BLOCKS</key>
				<string>YES</string>
				<key>GCC_OPTIMIZATION_LEVEL</key>
				<string>0</string>
				<key>GCC_PREPROCESSOR_DEFINITIONS</key>
				<array>
					<string>DEBUG=1</string>
					<string>$(inherited)</string>
				</array>
				<key>GCC_WARN_64_TO_32_BIT_CONVERSION</key>
				<string>YES</string>
				<key>GCC_WARN_ABOUT_RETURN_TYPE</key>
				<string>YES_ERROR</string>
				<key>GCC_WARN_UNDECLARED_SELECTOR</key>
				<string>YES</string>
				<key>GCC_WARN_UNINITIALIZED_AUTOS</key>
				<string>YES_AGGRESSIVE</string>
				<key>GCC_WARN_UNUSED_FUNCTION</key>
				<string>YES</string>
				<key>GCC_WARN_UNUSED_VARIABLE</key>
				<string>YES</string>
				<key>IPHONEOS_DEPLOYMENT_TARGET</key>
				<string>9.2</string>
				<key>MTL_ENABLE_DEBUG_INFO</key>
				<string>YES</string>
				<key>ONLY_ACTIVE_ARCH</key>
				<string>YES</string>
				<key>SDKROOT</key>
				<string>iphoneos</string>
				<key>SWIFT_OPTIMIZATION_LEVEL</key>
				<string>-Onone</string>
			</dict>
			<key>isa</key>
			<string>XCBuildConfiguration</string>
			<key>name</key>
			<string>Debug</string>
		</dict>
		<key>2486EB8C1C98025F00EA22B6</key>
		<dict>
			<key>buildSettings</key>
			<dict>
				<key>ALWAYS_SEARCH_USER_PATHS</key>
				<string>NO</string>
				<key>CLANG_CXX_LANGUAGE_STANDARD</key>
				<string>gnu++0x</string>
				<key>CLANG_CXX_LIBRARY</key>
				<string>libc++</string>
				<key>CLANG_ENABLE_MODULES</key>
				<string>YES</string>
				<key>CLANG_ENABLE_OBJC_ARC</key>
				<string>YES</string>
				<key>CLANG_WARN_BOOL_CONVERSION</key>
				<string>YES</string>
				<key>CLANG_WARN_CONSTANT_CONVERSION</key>
				<string>YES</string>
				<key>CLANG_WARN_DIRECT_OBJC_ISA_USAGE</key>
				<string>YES_ERROR</string>
				<key>CLANG_WARN_EMPTY_BODY</key>
				<string>YES</string>
				<key>CLANG_WARN_ENUM_CONVERSION</key>
				<string>YES</string>
				<key>CLANG_WARN_INT_CONVERSION</key>
				<string>YES</string>
				<key>CLANG_WARN_OBJC_ROOT_CLASS</key>
				<string>YES_ERROR</string>
				<key>CLANG_WARN_UNREACHABLE_CODE</key>
				<string>YES</string>
				<key>CLANG_WARN__DUPLICATE_METHOD_MATCH</key>
				<string>YES</string>
				<key>CODE_SIGN_IDENTITY[sdk=iphoneos*]</key>
				<string>iPhone Developer</string>
				<key>COPY_PHASE_STRIP</key>
				<string>NO</string>
				<key>DEBUG_INFORMATION_FORMAT</key>
				<string>dwarf-with-dsym</string>
				<key>ENABLE_NS_ASSERTIONS</key>
				<string>NO</string>
				<key>ENABLE_STRICT_OBJC_MSGSEND</key>
				<string>YES</string>
				<key>GCC_C_LANGUAGE_STANDARD</key>
				<string>gnu99</string>
				<key>GCC_NO_COMMON_BLOCKS</key>
				<string>YES</string>
				<key>GCC_WARN_64_TO_32_BIT_CONVERSION</key>
				<string>YES</string>
				<key>GCC_WARN_ABOUT_RETURN_TYPE</key>
				<string>YES_ERROR</string>
				<key>GCC_WARN_UNDECLARED_SELECTOR</key>
				<string>YES</string>
				<key>GCC_WARN_UNINITIALIZED_AUTOS</key>
				<string>YES_AGGRESSIVE</string>
				<key>GCC_WARN_UNUSED_FUNCTION</key>
				<string>YES</string>
				<key>GCC_WARN_UNUSED_VARIABLE</key>
				<string>YES</string>
				<key>IPHONEOS_DEPLOYMENT_TARGET</key>
				<string>9.2</string>
				<key>MTL_ENABLE_DEBUG_INFO</key>
				<string>NO</string>
				<key>SDKROOT</key>
				<string>iphoneos</string>
				<key>VALIDATE_PRODUCT</key>
				<string>YES</string>
			</dict>
			<key>isa</key>
			<string>XCBuildConfiguration</string>
			<key>name</key>
			<string>Release</string>
		</dict>
		<key>2486EB8D1C98025F00EA22B6</key>
		<dict>
			<key>buildConfigurations</key>
			<array>
				<string>2486EB8E1C98025F00EA22B6</string>
				<string>2486EB8F1C98025F00EA22B6</string>
			</array>
			<key>defaultConfigurationIsVisible</key>
			<string>0</string>
			<key>defaultConfigurationName</key>
			<string>Release</string>
			<key>isa</key>
			<string>XCConfigurationList</string>
		</dict>
		<key>2486EB8E1C98025F00EA22B6</key>
		<dict>
			<key>baseConfigurationReference</key>
			<string>B1DE6678C974008B49154A87</string>
			<key>buildSettings</key>
			<dict>
				<key>ASSETCATALOG_COMPILER_APPICON_NAME</key>
				<string>AppIcon</string>
				<key>ASSETCATALOG_COMPILER_LAUNCHIMAGE_NAME</key>
				<string>LaunchImage</string>
				<key>INFOPLIST_FILE</key>
				<string>Trip/Info.plist</string>
				<key>IPHONEOS_DEPLOYMENT_TARGET</key>
				<string>8.0</string>
				<key>LD_RUNPATH_SEARCH_PATHS</key>
				<string>$(inherited) @executable_path/Frameworks</string>
				<key>PRODUCT_BUNDLE_IDENTIFIER</key>
				<string>com.lubanr.Trip</string>
				<key>PRODUCT_NAME</key>
				<string>$(TARGET_NAME)</string>
				<key>TARGETED_DEVICE_FAMILY</key>
				<string>1</string>
			</dict>
			<key>isa</key>
			<string>XCBuildConfiguration</string>
			<key>name</key>
			<string>Debug</string>
		</dict>
		<key>2486EB8F1C98025F00EA22B6</key>
		<dict>
			<key>baseConfigurationReference</key>
			<string>8B3799A3C2870C769A6AD8DE</string>
			<key>buildSettings</key>
			<dict>
				<key>ASSETCATALOG_COMPILER_APPICON_NAME</key>
				<string>AppIcon</string>
				<key>ASSETCATALOG_COMPILER_LAUNCHIMAGE_NAME</key>
				<string>LaunchImage</string>
				<key>INFOPLIST_FILE</key>
				<string>Trip/Info.plist</string>
				<key>IPHONEOS_DEPLOYMENT_TARGET</key>
				<string>8.0</string>
				<key>LD_RUNPATH_SEARCH_PATHS</key>
				<string>$(inherited) @executable_path/Frameworks</string>
				<key>PRODUCT_BUNDLE_IDENTIFIER</key>
				<string>com.lubanr.Trip</string>
				<key>PRODUCT_NAME</key>
				<string>$(TARGET_NAME)</string>
				<key>TARGETED_DEVICE_FAMILY</key>
				<string>1</string>
			</dict>
			<key>isa</key>
			<string>XCBuildConfiguration</string>
			<key>name</key>
			<string>Release</string>
		</dict>
		<key>2486EB901C98025F00EA22B6</key>
		<dict>
			<key>buildConfigurations</key>
			<array>
				<string>2486EB911C98025F00EA22B6</string>
				<string>2486EB921C98025F00EA22B6</string>
			</array>
			<key>defaultConfigurationIsVisible</key>
			<string>0</string>
			<key>defaultConfigurationName</key>
			<string>Release</string>
			<key>isa</key>
			<string>XCConfigurationList</string>
		</dict>
		<key>2486EB911C98025F00EA22B6</key>
		<dict>
			<key>baseConfigurationReference</key>
			<string>ADE61896DEC707AAFF1D0AF8</string>
			<key>buildSettings</key>
			<dict>
				<key>BUNDLE_LOADER</key>
				<string>$(TEST_HOST)</string>
				<key>INFOPLIST_FILE</key>
				<string>TripTests/Info.plist</string>
				<key>LD_RUNPATH_SEARCH_PATHS</key>
				<string>$(inherited) @executable_path/Frameworks @loader_path/Frameworks</string>
				<key>PRODUCT_BUNDLE_IDENTIFIER</key>
				<string>com.lubanr.TripTests</string>
				<key>PRODUCT_NAME</key>
				<string>$(TARGET_NAME)</string>
				<key>TEST_HOST</key>
				<string>$(BUILT_PRODUCTS_DIR)/Trip.app/Trip</string>
			</dict>
			<key>isa</key>
			<string>XCBuildConfiguration</string>
			<key>name</key>
			<string>Debug</string>
		</dict>
		<key>2486EB921C98025F00EA22B6</key>
		<dict>
			<key>baseConfigurationReference</key>
			<string>558CABD47C22014FCD76A05D</string>
			<key>buildSettings</key>
			<dict>
				<key>BUNDLE_LOADER</key>
				<string>$(TEST_HOST)</string>
				<key>INFOPLIST_FILE</key>
				<string>TripTests/Info.plist</string>
				<key>LD_RUNPATH_SEARCH_PATHS</key>
				<string>$(inherited) @executable_path/Frameworks @loader_path/Frameworks</string>
				<key>PRODUCT_BUNDLE_IDENTIFIER</key>
				<string>com.lubanr.TripTests</string>
				<key>PRODUCT_NAME</key>
				<string>$(TARGET_NAME)</string>
				<key>TEST_HOST</key>
				<string>$(BUILT_PRODUCTS_DIR)/Trip.app/Trip</string>
			</dict>
			<key>isa</key>
			<string>XCBuildConfiguration</string>
			<key>name</key>
			<string>Release</string>
		</dict>
		<key>2486EB931C98025F00EA22B6</key>
		<dict>
			<key>buildConfigurations</key>
			<array>
				<string>2486EB941C98025F00EA22B6</string>
				<string>2486EB951C98025F00EA22B6</string>
			</array>
			<key>defaultConfigurationIsVisible</key>
			<string>0</string>
			<key>defaultConfigurationName</key>
			<string>Release</string>
			<key>isa</key>
			<string>XCConfigurationList</string>
		</dict>
		<key>2486EB941C98025F00EA22B6</key>
		<dict>
			<key>baseConfigurationReference</key>
			<string>0C0D703A76BE3A41EB645389</string>
			<key>buildSettings</key>
			<dict>
				<key>INFOPLIST_FILE</key>
				<string>TripUITests/Info.plist</string>
				<key>LD_RUNPATH_SEARCH_PATHS</key>
				<string>$(inherited) @executable_path/Frameworks @loader_path/Frameworks</string>
				<key>PRODUCT_BUNDLE_IDENTIFIER</key>
				<string>com.lubanr.TripUITests</string>
				<key>PRODUCT_NAME</key>
				<string>$(TARGET_NAME)</string>
				<key>TEST_TARGET_NAME</key>
				<string>Trip</string>
				<key>USES_XCTRUNNER</key>
				<string>YES</string>
			</dict>
			<key>isa</key>
			<string>XCBuildConfiguration</string>
			<key>name</key>
			<string>Debug</string>
		</dict>
		<key>2486EB951C98025F00EA22B6</key>
		<dict>
			<key>baseConfigurationReference</key>
			<string>8AF188769AD3BC6A4646ED39</string>
			<key>buildSettings</key>
			<dict>
				<key>INFOPLIST_FILE</key>
				<string>TripUITests/Info.plist</string>
				<key>LD_RUNPATH_SEARCH_PATHS</key>
				<string>$(inherited) @executable_path/Frameworks @loader_path/Frameworks</string>
				<key>PRODUCT_BUNDLE_IDENTIFIER</key>
				<string>com.lubanr.TripUITests</string>
				<key>PRODUCT_NAME</key>
				<string>$(TARGET_NAME)</string>
				<key>TEST_TARGET_NAME</key>
				<string>Trip</string>
				<key>USES_XCTRUNNER</key>
				<string>YES</string>
			</dict>
			<key>isa</key>
			<string>XCBuildConfiguration</string>
			<key>name</key>
			<string>Release</string>
		</dict>
		<key>248F1CB81CB17C3E00FC295C</key>
		<dict>
			<key>children</key>
			<array>
				<string>245B60B41CBD4D3500D460F5</string>
				<string>247BB46C1CB26F0A002E436A</string>
			</array>
			<key>isa</key>
			<string>PBXGroup</string>
			<key>name</key>
			<string>Views</string>
			<key>sourceTree</key>
			<string>&lt;group&gt;</string>
		</dict>
		<key>248F1CB91CB17C4800FC295C</key>
		<dict>
			<key>children</key>
			<array>
				<string>2484A6421CBBDDE800CD51F8</string>
				<string>2484A63C1CBBD81C00CD51F8</string>
				<string>2484A63A1CBBD7AD00CD51F8</string>
				<string>2484A63B1CBBD7B900CD51F8</string>
				<string>248F1CBA1CB1846F00FC295C</string>
				<string>248027F71CB8E5E300354AD6</string>
				<string>2484A6311CBB788000CD51F8</string>
				<string>2484A6371CBBD6CF00CD51F8</string>
				<string>2484A63E1CBBD92100CD51F8</string>
				<string>2484A62B1CBB519300CD51F8</string>
				<string>2484A6401CBBDC4900CD51F8</string>
			</array>
			<key>isa</key>
			<string>PBXGroup</string>
			<key>name</key>
			<string>Controllers</string>
			<key>sourceTree</key>
			<string>&lt;group&gt;</string>
		</dict>
		<key>248F1CBA1CB1846F00FC295C</key>
		<dict>
			<key>fileEncoding</key>
			<string>4</string>
			<key>isa</key>
			<string>PBXFileReference</string>
			<key>lastKnownFileType</key>
			<string>sourcecode.swift</string>
			<key>path</key>
			<string>LoginViewController.swift</string>
			<key>sourceTree</key>
			<string>&lt;group&gt;</string>
		</dict>
		<key>248F1CBC1CB1846F00FC295C</key>
		<dict>
			<key>fileRef</key>
			<string>248F1CBA1CB1846F00FC295C</string>
			<key>isa</key>
			<string>PBXBuildFile</string>
		</dict>
		<key>24A80B4B1CBEAD880017266A</key>
		<dict>
			<key>fileEncoding</key>
			<string>4</string>
			<key>isa</key>
			<string>PBXFileReference</string>
			<key>lastKnownFileType</key>
			<string>sourcecode.swift</string>
			<key>path</key>
			<string>Application.swift</string>
			<key>sourceTree</key>
			<string>&lt;group&gt;</string>
		</dict>
		<key>24A80B4C1CBEAD880017266A</key>
		<dict>
			<key>fileRef</key>
			<string>24A80B4B1CBEAD880017266A</string>
			<key>isa</key>
			<string>PBXBuildFile</string>
		</dict>
		<key>24A80B4D1CBEAD900017266A</key>
		<dict>
			<key>fileEncoding</key>
			<string>4</string>
			<key>isa</key>
			<string>PBXFileReference</string>
			<key>lastKnownFileType</key>
			<string>sourcecode.swift</string>
			<key>path</key>
			<string>BaseHttpRequest.swift</string>
			<key>sourceTree</key>
			<string>&lt;group&gt;</string>
		</dict>
		<key>24A80B4E1CBEAD900017266A</key>
		<dict>
			<key>fileRef</key>
			<string>24A80B4D1CBEAD900017266A</string>
			<key>isa</key>
			<string>PBXBuildFile</string>
		</dict>
		<key>24A80B4F1CBEAD990017266A</key>
		<dict>
			<key>fileEncoding</key>
			<string>4</string>
			<key>isa</key>
			<string>PBXFileReference</string>
			<key>lastKnownFileType</key>
			<string>sourcecode.swift</string>
			<key>path</key>
			<string>UserIdentity.swift</string>
			<key>sourceTree</key>
			<string>&lt;group&gt;</string>
		</dict>
		<key>24A80B501CBEAD990017266A</key>
		<dict>
			<key>fileRef</key>
			<string>24A80B4F1CBEAD990017266A</string>
			<key>isa</key>
			<string>PBXBuildFile</string>
		</dict>
		<key>24A80B511CBEADA00017266A</key>
		<dict>
			<key>fileEncoding</key>
			<string>4</string>
			<key>isa</key>
			<string>PBXFileReference</string>
			<key>lastKnownFileType</key>
			<string>sourcecode.swift</string>
			<key>path</key>
			<string>LBToast.swift</string>
			<key>sourceTree</key>
			<string>&lt;group&gt;</string>
		</dict>
		<key>24A80B521CBEADA00017266A</key>
		<dict>
			<key>fileRef</key>
			<string>24A80B511CBEADA00017266A</string>
			<key>isa</key>
			<string>PBXBuildFile</string>
		</dict>
		<key>24FB65071CB4F165006C93DA</key>
		<dict>
			<key>fileEncoding</key>
			<string>4</string>
			<key>isa</key>
			<string>PBXFileReference</string>
			<key>lastKnownFileType</key>
			<string>sourcecode.swift</string>
			<key>path</key>
			<string>DropdownMenu.swift</string>
			<key>sourceTree</key>
			<string>&lt;group&gt;</string>
		</dict>
		<key>24FB65081CB4F165006C93DA</key>
		<dict>
			<key>fileRef</key>
			<string>24FB65071CB4F165006C93DA</string>
			<key>isa</key>
			<string>PBXBuildFile</string>
		</dict>
		<key>24FB69E41CBCC9960046E97F</key>
		<dict>
			<key>fileEncoding</key>
			<string>4</string>
			<key>isa</key>
			<string>PBXFileReference</string>
			<key>lastKnownFileType</key>
			<string>file.storyboard</string>
			<key>path</key>
			<string>Launch Screen.storyboard</string>
			<key>sourceTree</key>
			<string>&lt;group&gt;</string>
		</dict>
		<key>24FB69E51CBCC9960046E97F</key>
		<dict>
			<key>fileRef</key>
			<string>24FB69E41CBCC9960046E97F</string>
			<key>isa</key>
			<string>PBXBuildFile</string>
		</dict>
		<key>24FB69E61CBCFFD60046E97F</key>
		<dict>
			<key>fileEncoding</key>
			<string>4</string>
			<key>isa</key>
			<string>PBXFileReference</string>
			<key>lastKnownFileType</key>
			<string>sourcecode.swift</string>
			<key>path</key>
			<string>UIColorExtension.swift</string>
			<key>sourceTree</key>
			<string>&lt;group&gt;</string>
		</dict>
		<key>24FB69E71CBCFFD60046E97F</key>
		<dict>
			<key>fileRef</key>
			<string>24FB69E61CBCFFD60046E97F</string>
			<key>isa</key>
			<string>PBXBuildFile</string>
		</dict>
		<key>36753558ECDFDB152CB240E4</key>
		<dict>
			<key>children</key>
			<array>
				<string>B1DE6678C974008B49154A87</string>
				<string>8B3799A3C2870C769A6AD8DE</string>
				<string>ADE61896DEC707AAFF1D0AF8</string>
				<string>558CABD47C22014FCD76A05D</string>
				<string>0C0D703A76BE3A41EB645389</string>
				<string>8AF188769AD3BC6A4646ED39</string>
			</array>
			<key>isa</key>
			<string>PBXGroup</string>
			<key>name</key>
			<string>Pods</string>
			<key>sourceTree</key>
			<string>&lt;group&gt;</string>
		</dict>
		<key>38339A25E30C2617B6B7E185</key>
		<dict>
			<key>buildActionMask</key>
			<string>2147483647</string>
			<key>files</key>
			<array/>
			<key>inputPaths</key>
			<array/>
			<key>isa</key>
			<string>PBXShellScriptBuildPhase</string>
			<key>name</key>
			<string>&#128230; Embed Pods Frameworks</string>
			<key>outputPaths</key>
			<array/>
			<key>runOnlyForDeploymentPostprocessing</key>
			<string>0</string>
			<key>shellPath</key>
			<string>/bin/sh</string>
			<key>shellScript</key>
			<string>"${SRCROOT}/Pods/Target Support Files/Pods-TripTests/Pods-TripTests-frameworks.sh"
</string>
			<key>showEnvVarsInLog</key>
			<string>0</string>
		</dict>
		<key>558CABD47C22014FCD76A05D</key>
		<dict>
			<key>includeInIndex</key>
			<string>1</string>
			<key>isa</key>
			<string>PBXFileReference</string>
			<key>lastKnownFileType</key>
			<string>text.xcconfig</string>
			<key>name</key>
			<string>Pods-TripTests.release.xcconfig</string>
			<key>path</key>
			<string>Pods/Target Support Files/Pods-TripTests/Pods-TripTests.release.xcconfig</string>
			<key>sourceTree</key>
			<string>&lt;group&gt;</string>
		</dict>
		<key>584FC8F8D060E60C117A185D</key>
		<dict>
			<key>fileRef</key>
			<string>7E622BC6541DC949FCAF3A91</string>
			<key>isa</key>
			<string>PBXBuildFile</string>
		</dict>
		<key>625ACA34CB9A31B32BF934CF</key>
		<dict>
			<key>buildActionMask</key>
			<string>2147483647</string>
			<key>files</key>
			<array/>
			<key>inputPaths</key>
			<array/>
			<key>isa</key>
			<string>PBXShellScriptBuildPhase</string>
			<key>name</key>
			<string>&#128230; Embed Pods Frameworks</string>
			<key>outputPaths</key>
			<array/>
			<key>runOnlyForDeploymentPostprocessing</key>
			<string>0</string>
			<key>shellPath</key>
			<string>/bin/sh</string>
			<key>shellScript</key>
			<string>"${SRCROOT}/Pods/Target Support Files/Pods-Trip/Pods-Trip-frameworks.sh"
</string>
			<key>showEnvVarsInLog</key>
			<string>0</string>
		</dict>
		<key>798EE4D6B6C70246276F0C4A</key>
		<dict>
			<key>buildActionMask</key>
			<string>2147483647</string>
			<key>files</key>
			<array/>
			<key>inputPaths</key>
			<array/>
			<key>isa</key>
			<string>PBXShellScriptBuildPhase</string>
			<key>name</key>
			<string>&#128230; Copy Pods Resources</string>
			<key>outputPaths</key>
			<array/>
			<key>runOnlyForDeploymentPostprocessing</key>
			<string>0</string>
			<key>shellPath</key>
			<string>/bin/sh</string>
			<key>shellScript</key>
			<string>"${SRCROOT}/Pods/Target Support Files/Pods-Trip/Pods-Trip-resources.sh"
</string>
			<key>showEnvVarsInLog</key>
			<string>0</string>
		</dict>
		<key>7E622BC6541DC949FCAF3A91</key>
		<dict>
			<key>explicitFileType</key>
			<string>wrapper.framework</string>
			<key>includeInIndex</key>
			<string>0</string>
			<key>isa</key>
			<string>PBXFileReference</string>
			<key>path</key>
			<string>Pods_Trip.framework</string>
			<key>sourceTree</key>
			<string>BUILT_PRODUCTS_DIR</string>
		</dict>
		<key>8AF188769AD3BC6A4646ED39</key>
		<dict>
			<key>includeInIndex</key>
			<string>1</string>
			<key>isa</key>
			<string>PBXFileReference</string>
			<key>lastKnownFileType</key>
			<string>text.xcconfig</string>
			<key>name</key>
			<string>Pods-TripUITests.release.xcconfig</string>
			<key>path</key>
			<string>Pods/Target Support Files/Pods-TripUITests/Pods-TripUITests.release.xcconfig</string>
			<key>sourceTree</key>
			<string>&lt;group&gt;</string>
		</dict>
		<key>8B3799A3C2870C769A6AD8DE</key>
		<dict>
			<key>includeInIndex</key>
			<string>1</string>
			<key>isa</key>
			<string>PBXFileReference</string>
			<key>lastKnownFileType</key>
			<string>text.xcconfig</string>
			<key>name</key>
			<string>Pods-Trip.release.xcconfig</string>
			<key>path</key>
			<string>Pods/Target Support Files/Pods-Trip/Pods-Trip.release.xcconfig</string>
			<key>sourceTree</key>
			<string>&lt;group&gt;</string>
		</dict>
		<key>ADE61896DEC707AAFF1D0AF8</key>
		<dict>
			<key>includeInIndex</key>
			<string>1</string>
			<key>isa</key>
			<string>PBXFileReference</string>
			<key>lastKnownFileType</key>
			<string>text.xcconfig</string>
			<key>name</key>
			<string>Pods-TripTests.debug.xcconfig</string>
			<key>path</key>
			<string>Pods/Target Support Files/Pods-TripTests/Pods-TripTests.debug.xcconfig</string>
			<key>sourceTree</key>
			<string>&lt;group&gt;</string>
		</dict>
		<key>B1DE6678C974008B49154A87</key>
		<dict>
			<key>includeInIndex</key>
			<string>1</string>
			<key>isa</key>
			<string>PBXFileReference</string>
			<key>lastKnownFileType</key>
			<string>text.xcconfig</string>
			<key>name</key>
			<string>Pods-Trip.debug.xcconfig</string>
			<key>path</key>
			<string>Pods/Target Support Files/Pods-Trip/Pods-Trip.debug.xcconfig</string>
			<key>sourceTree</key>
			<string>&lt;group&gt;</string>
		</dict>
		<key>D06F0F5615A8F1117FB337B6</key>
		<dict>
			<key>buildActionMask</key>
			<string>2147483647</string>
			<key>files</key>
			<array/>
			<key>inputPaths</key>
			<array/>
			<key>isa</key>
			<string>PBXShellScriptBuildPhase</string>
			<key>name</key>
			<string>&#128230; Check Pods Manifest.lock</string>
			<key>outputPaths</key>
			<array/>
			<key>runOnlyForDeploymentPostprocessing</key>
			<string>0</string>
			<key>shellPath</key>
			<string>/bin/sh</string>
			<key>shellScript</key>
			<string>diff "${PODS_ROOT}/../Podfile.lock" "${PODS_ROOT}/Manifest.lock" &gt; /dev/null
if [[ $? != 0 ]] ; then
    cat &lt;&lt; EOM
error: The sandbox is not in sync with the Podfile.lock. Run 'pod install' or update your CocoaPods installation.
EOM
    exit 1
fi
</string>
			<key>showEnvVarsInLog</key>
			<string>0</string>
		</dict>
		<key>D7A8CC365ED8D53EE73EC12F</key>
		<dict>
			<key>buildActionMask</key>
			<string>2147483647</string>
			<key>files</key>
			<array/>
			<key>inputPaths</key>
			<array/>
			<key>isa</key>
			<string>PBXShellScriptBuildPhase</string>
			<key>name</key>
			<string>&#128230; Copy Pods Resources</string>
			<key>outputPaths</key>
			<array/>
			<key>runOnlyForDeploymentPostprocessing</key>
			<string>0</string>
			<key>shellPath</key>
			<string>/bin/sh</string>
			<key>shellScript</key>
			<string>"${SRCROOT}/Pods/Target Support Files/Pods-TripTests/Pods-TripTests-resources.sh"
</string>
			<key>showEnvVarsInLog</key>
			<string>0</string>
		</dict>
		<key>DAF8ED29640AD09159D5F130</key>
		<dict>
			<key>buildActionMask</key>
			<string>2147483647</string>
			<key>files</key>
			<array/>
			<key>inputPaths</key>
			<array/>
			<key>isa</key>
			<string>PBXShellScriptBuildPhase</string>
			<key>name</key>
			<string>&#128230; Copy Pods Resources</string>
			<key>outputPaths</key>
			<array/>
			<key>runOnlyForDeploymentPostprocessing</key>
			<string>0</string>
			<key>shellPath</key>
			<string>/bin/sh</string>
			<key>shellScript</key>
			<string>"${SRCROOT}/Pods/Target Support Files/Pods-TripUITests/Pods-TripUITests-resources.sh"
</string>
			<key>showEnvVarsInLog</key>
			<string>0</string>
		</dict>
		<key>E54C8D127D52967CFF694A5D</key>
		<dict>
			<key>buildActionMask</key>
			<string>2147483647</string>
			<key>files</key>
			<array/>
			<key>inputPaths</key>
			<array/>
			<key>isa</key>
			<string>PBXShellScriptBuildPhase</string>
			<key>name</key>
			<string>&#128230; Check Pods Manifest.lock</string>
			<key>outputPaths</key>
			<array/>
			<key>runOnlyForDeploymentPostprocessing</key>
			<string>0</string>
			<key>shellPath</key>
			<string>/bin/sh</string>
			<key>shellScript</key>
			<string>diff "${PODS_ROOT}/../Podfile.lock" "${PODS_ROOT}/Manifest.lock" &gt; /dev/null
if [[ $? != 0 ]] ; then
    cat &lt;&lt; EOM
error: The sandbox is not in sync with the Podfile.lock. Run 'pod install' or update your CocoaPods installation.
EOM
    exit 1
fi
</string>
			<key>showEnvVarsInLog</key>
			<string>0</string>
		</dict>
		<key>E7395590A0EA5F0B6A870DB9</key>
		<dict>
			<key>fileRef</key>
			<string>F8C2C8701B337DBD576D984E</string>
			<key>isa</key>
			<string>PBXBuildFile</string>
		</dict>
		<key>F751BE8679A747EC8CBEC585</key>
		<dict>
			<key>buildActionMask</key>
			<string>2147483647</string>
			<key>files</key>
			<array/>
			<key>inputPaths</key>
			<array/>
			<key>isa</key>
			<string>PBXShellScriptBuildPhase</string>
			<key>name</key>
			<string>&#128230; Check Pods Manifest.lock</string>
			<key>outputPaths</key>
			<array/>
			<key>runOnlyForDeploymentPostprocessing</key>
			<string>0</string>
			<key>shellPath</key>
			<string>/bin/sh</string>
			<key>shellScript</key>
			<string>diff "${PODS_ROOT}/../Podfile.lock" "${PODS_ROOT}/Manifest.lock" &gt; /dev/null
if [[ $? != 0 ]] ; then
    cat &lt;&lt; EOM
error: The sandbox is not in sync with the Podfile.lock. Run 'pod install' or update your CocoaPods installation.
EOM
    exit 1
fi
</string>
			<key>showEnvVarsInLog</key>
			<string>0</string>
		</dict>
		<key>F8C2C8701B337DBD576D984E</key>
		<dict>
			<key>explicitFileType</key>
			<string>wrapper.framework</string>
			<key>includeInIndex</key>
			<string>0</string>
			<key>isa</key>
			<string>PBXFileReference</string>
			<key>path</key>
			<string>Pods_TripUITests.framework</string>
			<key>sourceTree</key>
			<string>BUILT_PRODUCTS_DIR</string>
		</dict>
	</dict>
	<key>rootObject</key>
	<string>2486EB5A1C98025F00EA22B6</string>
</dict>
</plist>
